
Microsoft Visual Studio Solution File, Format Version 12.00
# Visual Studio Version 17
VisualStudioVersion = 17.6.33829.357
MinimumVisualStudioVersion = 10.0.40219.1
Project("{FAE04EC0-301F-11D3-BF4B-00C04F79EFBC}") = "AlcoBarrier", "AlcoBarrier\AlcoBarrier.csproj", "{D08E207B-4CA7-479D-ACCA-C18BF95BBAB7}"
EndProject
Project("{FAE04EC0-301F-11D3-BF4B-00C04F79EFBC}") = "Settings", "Settings\Settings.csproj", "{2DC25C2D-D5E7-4538-B268-4A120941F19A}"
	ProjectSection(ProjectDependencies) = postProject
		{D08E207B-4CA7-479D-ACCA-C18BF95BBAB7} = {D08E207B-4CA7-479D-ACCA-C18BF95BBAB7}
	EndProjectSection
EndProject
Project("{FAE04EC0-301F-11D3-BF4B-00C04F79EFBC}") = "Report", "Repot\Report.csproj", "{7E4DC855-E494-4E00-8CB4-250B0A6823ED}"
EndProject
Global
	GlobalSection(SolutionConfigurationPlatforms) = preSolution
		Debug|Any CPU = Debug|Any CPU
		Release|Any CPU = Release|Any CPU
	EndGlobalSection
	GlobalSection(ProjectConfigurationPlatforms) = postSolution
		{D08E207B-4CA7-479D-ACCA-C18BF95BBAB7}.Debug|Any CPU.ActiveCfg = Debug|Any CPU
		{D08E207B-4CA7-479D-ACCA-C18BF95BBAB7}.Debug|Any CPU.Build.0 = Debug|Any CPU
		{D08E207B-4CA7-479D-ACCA-C18BF95BBAB7}.Release|Any CPU.ActiveCfg = Release|Any CPU
		{D08E207B-4CA7-479D-ACCA-C18BF95BBAB7}.Release|Any CPU.Build.0 = Release|Any CPU
		{2DC25C2D-D5E7-4538-B268-4A120941F19A}.Debug|Any CPU.ActiveCfg = Debug|Any CPU
		{2DC25C2D-D5E7-4538-B268-4A120941F19A}.Debug|Any CPU.Build.0 = Debug|Any CPU
		{2DC25C2D-D5E7-4538-B268-4A120941F19A}.Release|Any CPU.ActiveCfg = Release|Any CPU
		{2DC25C2D-D5E7-4538-B268-4A120941F19A}.Release|Any CPU.Build.0 = Release|Any CPU
		{7E4DC855-E494-4E00-8CB4-250B0A6823ED}.Debug|Any CPU.ActiveCfg = Debug|Any CPU
		{7E4DC855-E494-4E00-8CB4-250B0A6823ED}.Debug|Any CPU.Build.0 = Debug|Any CPU
		{7E4DC855-E494-4E00-8CB4-250B0A6823ED}.Release|Any CPU.ActiveCfg = Release|Any CPU
		{7E4DC855-E494-4E00-8CB4-250B0A6823ED}.Release|Any CPU.Build.0 = Release|Any CPU
	EndGlobalSection
	GlobalSection(SolutionProperties) = preSolution
		HideSolutionNode = FALSE
	EndGlobalSection
	GlobalSection(ExtensibilityGlobals) = postSolution
		SolutionGuid = {D61DDA7F-414A-43D7-B1DE-D0ACEA3D5010}
	EndGlobalSection
EndGlobal
